// !$*UTF8*$!
{
	archiveVersion = 1;
	classes = {
	};
	objectVersion = 46;
	objects = {

/* Begin PBXBuildFile section */
		559746041B6C717500FCD986 /* main.m in Sources */ = {isa = PBXBuildFile; fileRef = 559746031B6C717500FCD986 /* main.m */; };
		559746071B6C717500FCD986 /* AppDelegate.m in Sources */ = {isa = PBXBuildFile; fileRef = 559746061B6C717500FCD986 /* AppDelegate.m */; };
		5597460A1B6C717500FCD986 /* ViewController.m in Sources */ = {isa = PBXBuildFile; fileRef = 559746091B6C717500FCD986 /* ViewController.m */; };
		5597460D1B6C717500FCD986 /* Main.storyboard in Resources */ = {isa = PBXBuildFile; fileRef = 5597460B1B6C717500FCD986 /* Main.storyboard */; };
		5597460F1B6C717500FCD986 /* Images.xcassets in Resources */ = {isa = PBXBuildFile; fileRef = 5597460E1B6C717500FCD986 /* Images.xcassets */; };
		559746121B6C717500FCD986 /* LaunchScreen.xib in Resources */ = {isa = PBXBuildFile; fileRef = 559746101B6C717500FCD986 /* LaunchScreen.xib */; };
		5597461E1B6C717500FCD986 /* AutoCellHeightMixDemoTests.m in Sources */ = {isa = PBXBuildFile; fileRef = 5597461D1B6C717500FCD986 /* AutoCellHeightMixDemoTests.m */; };
		559746281B6C719E00FCD986 /* messages.plist in Resources */ = {isa = PBXBuildFile; fileRef = 559746271B6C719E00FCD986 /* messages.plist */; };
		5597462E1B6C71B400FCD986 /* Message.m in Sources */ = {isa = PBXBuildFile; fileRef = 5597462A1B6C71B400FCD986 /* Message.m */; };
		5597462F1B6C71B400FCD986 /* MessageCell.m in Sources */ = {isa = PBXBuildFile; fileRef = 5597462C1B6C71B400FCD986 /* MessageCell.m */; };
		559746301B6C71B400FCD986 /* MessageCell.xib in Resources */ = {isa = PBXBuildFile; fileRef = 5597462D1B6C71B400FCD986 /* MessageCell.xib */; };
/* End PBXBuildFile section */

/* Begin PBXContainerItemProxy section */
		559746181B6C717500FCD986 /* PBXContainerItemProxy */ = {
			isa = PBXContainerItemProxy;
			containerPortal = 559745F61B6C717500FCD986 /* Project object */;
			proxyType = 1;
			remoteGlobalIDString = 559745FD1B6C717500FCD986;
			remoteInfo = AutoCellHeightMixDemo;
		};
/* End PBXContainerItemProxy section */

/* Begin PBXFileReference section */
		559745FE1B6C717500FCD986 /* AutoCellHeightMixDemo.app */ = {isa = PBXFileReference; explicitFileType = wrapper.application; includeInIndex = 0; path = AutoCellHeightMixDemo.app; sourceTree = BUILT_PRODUCTS_DIR; };
		559746021B6C717500FCD986 /* Info.plist */ = {isa = PBXFileReference; lastKnownFileType = text.plist.xml; path = Info.plist; sourceTree = "<group>"; };
		559746031B6C717500FCD986 /* main.m */ = {isa = PBXFileReference; lastKnownFileType = sourcecode.c.objc; path = main.m; sourceTree = "<group>"; };
		559746051B6C717500FCD986 /* AppDelegate.h */ = {isa = PBXFileReference; lastKnownFileType = sourcecode.c.h; path = AppDelegate.h; sourceTree = "<group>"; };
		559746061B6C717500FCD986 /* AppDelegate.m */ = {isa = PBXFileReference; lastKnownFileType = sourcecode.c.objc; path = AppDelegate.m; sourceTree = "<group>"; };
		559746081B6C717500FCD986 /* ViewController.h */ = {isa = PBXFileReference; lastKnownFileType = sourcecode.c.h; path = ViewController.h; sourceTree = "<group>"; };
		559746091B6C717500FCD986 /* ViewController.m */ = {isa = PBXFileReference; lastKnownFileType = sourcecode.c.objc; path = ViewController.m; sourceTree = "<group>"; };
		5597460C1B6C717500FCD986 /* Base */ = {isa = PBXFileReference; lastKnownFileType = file.storyboard; name = Base; path = Base.lproj/Main.storyboard; sourceTree = "<group>"; };
		5597460E1B6C717500FCD986 /* Images.xcassets */ = {isa = PBXFileReference; lastKnownFileType = folder.assetcatalog; path = Images.xcassets; sourceTree = "<group>"; };
		559746111B6C717500FCD986 /* Base */ = {isa = PBXFileReference; lastKnownFileType = file.xib; name = Base; path = Base.lproj/LaunchScreen.xib; sourceTree = "<group>"; };
		559746171B6C717500FCD986 /* AutoCellHeightMixDemoTests.xctest */ = {isa = PBXFileReference; explicitFileType = wrapper.cfbundle; includeInIndex = 0; path = AutoCellHeightMixDemoTests.xctest; sourceTree = BUILT_PRODUCTS_DIR; };
		5597461C1B6C717500FCD986 /* Info.plist */ = {isa = PBXFileReference; lastKnownFileType = text.plist.xml; path = Info.plist; sourceTree = "<group>"; };
		5597461D1B6C717500FCD986 /* AutoCellHeightMixDemoTests.m */ = {isa = PBXFileReference; lastKnownFileType = sourcecode.c.objc; path = AutoCellHeightMixDemoTests.m; sourceTree = "<group>"; };
		559746271B6C719E00FCD986 /* messages.plist */ = {isa = PBXFileReference; fileEncoding = 4; lastKnownFileType = text.plist.xml; path = messages.plist; sourceTree = "<group>"; };
		559746291B6C71B400FCD986 /* Message.h */ = {isa = PBXFileReference; fileEncoding = 4; lastKnownFileType = sourcecode.c.h; path = Message.h; sourceTree = "<group>"; };
		5597462A1B6C71B400FCD986 /* Message.m */ = {isa = PBXFileReference; fileEncoding = 4; lastKnownFileType = sourcecode.c.objc; path = Message.m; sourceTree = "<group>"; };
		5597462B1B6C71B400FCD986 /* MessageCell.h */ = {isa = PBXFileReference; fileEncoding = 4; lastKnownFileType = sourcecode.c.h; path = MessageCell.h; sourceTree = "<group>"; };
		5597462C1B6C71B400FCD986 /* MessageCell.m */ = {isa = PBXFileReference; fileEncoding = 4; lastKnownFileType = sourcecode.c.objc; path = MessageCell.m; sourceTree = "<group>"; };
		5597462D1B6C71B400FCD986 /* MessageCell.xib */ = {isa = PBXFileReference; fileEncoding = 4; lastKnownFileType = file.xib; path = MessageCell.xib; sourceTree = "<group>"; };
/* End PBXFileReference section */

/* Begin PBXFrameworksBuildPhase section */
		559745FB1B6C717500FCD986 /* Frameworks */ = {
			isa = PBXFrameworksBuildPhase;
			buildActionMask = 2147483647;
			files = (
			);
			runOnlyForDeploymentPostprocessing = 0;
		};
		559746141B6C717500FCD986 /* Frameworks */ = {
			isa = PBXFrameworksBuildPhase;
			buildActionMask = 2147483647;
			files = (
			);
			runOnlyForDeploymentPostprocessing = 0;
		};
/* End PBXFrameworksBuildPhase section */

/* Begin PBXGroup section */
		559745F51B6C717500FCD986 = {
			isa = PBXGroup;
			children = (
				559746001B6C717500FCD986 /* AutoCellHeightMixDemo */,
				5597461A1B6C717500FCD986 /* AutoCellHeightMixDemoTests */,
				559745FF1B6C717500FCD986 /* Products */,
			);
			sourceTree = "<group>";
		};
		559745FF1B6C717500FCD986 /* Products */ = {
			isa = PBXGroup;
			children = (
				559745FE1B6C717500FCD986 /* AutoCellHeightMixDemo.app */,
				559746171B6C717500FCD986 /* AutoCellHeightMixDemoTests.xctest */,
			);
			name = Products;
			sourceTree = "<group>";
		};
		559746001B6C717500FCD986 /* AutoCellHeightMixDemo */ = {
			isa = PBXGroup;
			children = (
				559746051B6C717500FCD986 /* AppDelegate.h */,
				559746061B6C717500FCD986 /* AppDelegate.m */,
				559746081B6C717500FCD986 /* ViewController.h */,
				559746091B6C717500FCD986 /* ViewController.m */,
				559746291B6C71B400FCD986 /* Message.h */,
				5597462A1B6C71B400FCD986 /* Message.m */,
				5597462B1B6C71B400FCD986 /* MessageCell.h */,
				5597462C1B6C71B400FCD986 /* MessageCell.m */,
				5597462D1B6C71B400FCD986 /* MessageCell.xib */,
				559746011B6C717500FCD986 /* Supporting Files */,
			);
			path = AutoCellHeightMixDemo;
			sourceTree = "<group>";
		};
		559746011B6C717500FCD986 /* Supporting Files */ = {
			isa = PBXGroup;
			children = (
				5597460B1B6C717500FCD986 /* Main.storyboard */,
				5597460E1B6C717500FCD986 /* Images.xcassets */,
				559746101B6C717500FCD986 /* LaunchScreen.xib */,
				559746271B6C719E00FCD986 /* messages.plist */,
				559746021B6C717500FCD986 /* Info.plist */,
				559746031B6C717500FCD986 /* main.m */,
			);
			name = "Supporting Files";
			sourceTree = "<group>";
		};
		5597461A1B6C717500FCD986 /* AutoCellHeightMixDemoTests */ = {
			isa = PBXGroup;
			children = (
				5597461D1B6C717500FCD986 /* AutoCellHeightMixDemoTests.m */,
				5597461B1B6C717500FCD986 /* Supporting Files */,
			);
			path = AutoCellHeightMixDemoTests;
			sourceTree = "<group>";
		};
		5597461B1B6C717500FCD986 /* Supporting Files */ = {
			isa = PBXGroup;
			children = (
				5597461C1B6C717500FCD986 /* Info.plist */,
			);
			name = "Supporting Files";
			sourceTree = "<group>";
		};
/* End PBXGroup section */

/* Begin PBXNativeTarget section */
		559745FD1B6C717500FCD986 /* AutoCellHeightMixDemo */ = {
			isa = PBXNativeTarget;
			buildConfigurationList = 559746211B6C717500FCD986 /* Build configuration list for PBXNativeTarget "AutoCellHeightMixDemo" */;
			buildPhases = (
				559745FA1B6C717500FCD986 /* Sources */,
				559745FB1B6C717500FCD986 /* Frameworks */,
				559745FC1B6C717500FCD986 /* Resources */,
			);
			buildRules = (
			);
			dependencies = (
			);
			name = AutoCellHeightMixDemo;
			productName = AutoCellHeightMixDemo;
			productReference = 559745FE1B6C717500FCD986 /* AutoCellHeightMixDemo.app */;
			productType = "com.apple.product-type.application";
		};
		559746161B6C717500FCD986 /* AutoCellHeightMixDemoTests */ = {
			isa = PBXNativeTarget;
			buildConfigurationList = 559746241B6C717500FCD986 /* Build configuration list for PBXNativeTarget "AutoCellHeightMixDemoTests" */;
			buildPhases = (
				559746131B6C717500FCD986 /* Sources */,
				559746141B6C717500FCD986 /* Frameworks */,
				559746151B6C717500FCD986 /* Resources */,
			);
			buildRules = (
			);
			dependencies = (
				559746191B6C717500FCD986 /* PBXTargetDependency */,
			);
			name = AutoCellHeightMixDemoTests;
			productName = AutoCellHeightMixDemoTests;
			productReference = 559746171B6C717500FCD986 /* AutoCellHeightMixDemoTests.xctest */;
			productType = "com.apple.product-type.bundle.unit-test";
		};
/* End PBXNativeTarget section */

/* Begin PBXProject section */
		559745F61B6C717500FCD986 /* Project object */ = {
			isa = PBXProject;
			attributes = {
				LastUpgradeCheck = 0640;
				ORGANIZATIONNAME = AT;
				TargetAttributes = {
					559745FD1B6C717500FCD986 = {
						CreatedOnToolsVersion = 6.4;
					};
					559746161B6C717500FCD986 = {
						CreatedOnToolsVersion = 6.4;
						TestTargetID = 559745FD1B6C717500FCD986;
					};
				};
			};
			buildConfigurationList = 559745F91B6C717500FCD986 /* Build configuration list for PBXProject "AutoCellHeightMixDemo" */;
			compatibilityVersion = "Xcode 3.2";
			developmentRegion = English;
			hasScannedForEncodings = 0;
			knownRegions = (
				en,
				Base,
			);
			mainGroup = 559745F51B6C717500FCD986;
			productRefGroup = 559745FF1B6C717500FCD986 /* Products */;
			projectDirPath = "";
			projectRoot = "";
			targets = (
				559745FD1B6C717500FCD986 /* AutoCellHeightMixDemo */,
				559746161B6C717500FCD986 /* AutoCellHeightMixDemoTests */,
			);
		};
/* End PBXProject section */

/* Begin PBXResourcesBuildPhase section */
		559745FC1B6C717500FCD986 /* Resources */ = {
			isa = PBXResourcesBuildPhase;
			buildActionMask = 2147483647;
			files = (
				559746301B6C71B400FCD986 /* MessageCell.xib in Resources */,
				559746281B6C719E00FCD986 /* messages.plist in Resources */,
				5597460D1B6C717500FCD986 /* Main.storyboard in Resources */,
				559746121B6C717500FCD986 /* LaunchScreen.xib in Resources */,
				5597460F1B6C717500FCD986 /* Images.xcassets in Resources */,
			);
			runOnlyForDeploymentPostprocessing = 0;
		};
		559746151B6C717500FCD986 /* Resources */ = {
			isa = PBXResourcesBuildPhase;
			buildActionMask = 2147483647;
			files = (
			);
			runOnlyForDeploymentPostprocessing = 0;
		};
/* End PBXResourcesBuildPhase section */

/* Begin PBXSourcesBuildPhase section */
		559745FA1B6C717500FCD986 /* Sources */ = {
			isa = PBXSourcesBuildPhase;
			buildActionMask = 2147483647;
			files = (
				5597462F1B6C71B400FCD986 /* MessageCell.m in Sources */,
				5597460A1B6C717500FCD986 /* ViewController.m in Sources */,
				5597462E1B6C71B400FCD986 /* Message.m in Sources */,
				559746071B6C717500FCD986 /* AppDelegate.m in Sources */,
				559746041B6C717500FCD986 /* main.m in Sources */,
			);
			runOnlyForDeploymentPostprocessing = 0;
		};
		559746131B6C717500FCD986 /* Sources */ = {
			isa = PBXSourcesBuildPhase;
			buildActionMask = 2147483647;
			files = (
				5597461E1B6C717500FCD986 /* AutoCellHeightMixDemoTests.m in Sources */,
			);
			runOnlyForDeploymentPostprocessing = 0;
		};
/* End PBXSourcesBuildPhase section */

/* Begin PBXTargetDependency section */
		559746191B6C717500FCD986 /* PBXTargetDependency */ = {
			isa = PBXTargetDependency;
			target = 559745FD1B6C717500FCD986 /* AutoCellHeightMixDemo */;
			targetProxy = 559746181B6C717500FCD986 /* PBXContainerItemProxy */;
		};
/* End PBXTargetDependency section */

/* Begin PBXVariantGroup section */
		5597460B1B6C717500FCD986 /* Main.storyboard */ = {
			isa = PBXVariantGroup;
			children = (
				5597460C1B6C717500FCD986 /* Base */,
			);
			name = Main.storyboard;
			sourceTree = "<group>";
		};
		559746101B6C717500FCD986 /* LaunchScreen.xib */ = {
			isa = PBXVariantGroup;
			children = (
				559746111B6C717500FCD986 /* Base */,
			);
			name = LaunchScreen.xib;
			sourceTree = "<group>";
		};
/* End PBXVariantGroup section */

/* Begin XCBuildConfiguration section */
		5597461F1B6C717500FCD986 /* Debug */ = {
			isa = XCBuildConfiguration;
			buildSettings = {
				ALWAYS_SEARCH_USER_PATHS = NO;
				CLANG_CXX_LANGUAGE_STANDARD = "gnu++0x";
				CLANG_CXX_LIBRARY = "libc++";
				CLANG_ENABLE_MODULES = YES;
				CLANG_ENABLE_OBJC_ARC = YES;
				CLANG_WARN_BOOL_CONVERSION = YES;
				CLANG_WARN_CONSTANT_CONVERSION = YES;
				CLANG_WARN_DIRECT_OBJC_ISA_USAGE = YES_ERROR;
				CLANG_WARN_EMPTY_BODY = YES;
				CLANG_WARN_ENUM_CONVERSION = YES;
				CLANG_WARN_INT_CONVERSION = YES;
				CLANG_WARN_OBJC_ROOT_CLASS = YES_ERROR;
				CLANG_WARN_UNREACHABLE_CODE = YES;
				CLANG_WARN__DUPLICATE_METHOD_MATCH = YES;
				"CODE_SIGN_IDENTITY[sdk=iphoneos*]" = "iPhone Developer";
				COPY_PHASE_STRIP = NO;
				DEBUG_INFORMATION_FORMAT = "dwarf-with-dsym";
				ENABLE_STRICT_OBJC_MSGSEND = YES;
				GCC_C_LANGUAGE_STANDARD = gnu99;
				GCC_DYNAMIC_NO_PIC = NO;
				GCC_NO_COMMON_BLOCKS = YES;
				GCC_OPTIMIZATION_LEVEL = 0;
				GCC_PREPROCESSOR_DEFINITIONS = (
					"DEBUG=1",
					"$(inherited)",
				);
				GCC_SYMBOLS_PRIVATE_EXTERN = NO;
				GCC_WARN_64_TO_32_BIT_CONVERSION = YES;
				GCC_WARN_ABOUT_RETURN_TYPE = YES_ERROR;
				GCC_WARN_UNDECLARED_SELECTOR = YES;
				GCC_WARN_UNINITIALIZED_AUTOS = YES_AGGRESSIVE;
				GCC_WARN_UNUSED_FUNCTION = YES;
				GCC_WARN_UNUSED_VARIABLE = YES;
				IPHONEOS_DEPLOYMENT_TARGET = 8.4;
				MTL_ENABLE_DEBUG_INFO = YES;
				ONLY_ACTIVE_ARCH = YES;
				SDKROOT = iphoneos;
			};
			name = Debug;
		};
		559746201B6C717500FCD986 /* Release */ = {
			isa = XCBuildConfiguration;
			buildSettings = {
				ALWAYS_SEARCH_USER_PATHS = NO;
				CLANG_CXX_LANGUAGE_STANDARD = "gnu++0x";
				CLANG_CXX_LIBRARY = "libc++";
				CLANG_ENABLE_MODULES = YES;
				CLANG_ENABLE_OBJC_ARC = YES;
				CLANG_WARN_BOOL_CONVERSION = YES;
				CLANG_WARN_CONSTANT_CONVERSION = YES;
				CLANG_WARN_DIRECT_OBJC_ISA_USAGE = YES_ERROR;
				CLANG_WARN_EMPTY_BODY = YES;
				CLANG_WARN_ENUM_CONVERSION = YES;
				CLANG_WARN_INT_CONVERSION = YES;
				CLANG_WARN_OBJC_ROOT_CLASS = YES_ERROR;
				CLANG_WARN_UNREACHABLE_CODE = YES;
				CLANG_WARN__DUPLICATE_METHOD_MATCH = YES;
				"CODE_SIGN_IDENTITY[sdk=iphoneos*]" = "iPhone Developer";
				COPY_PHASE_STRIP = NO;
				DEBUG_INFORMATION_FORMAT = "dwarf-with-dsym";
				ENABLE_NS_ASSERTIONS = NO;
				ENABLE_STRICT_OBJC_MSGSEND = YES;
				GCC_C_LANGUAGE_STANDARD = gnu99;
				GCC_NO_COMMON_BLOCKS = YES;
				GCC_WARN_64_TO_32_BIT_CONVERSION = YES;
				GCC_WARN_ABOUT_RETURN_TYPE = YES_ERROR;
				GCC_WARN_UNDECLARED_SELECTOR = YES;
				GCC_WARN_UNINITIALIZED_AUTOS = YES_AGGRESSIVE;
				GCC_WARN_UNUSED_FUNCTION = YES;
				GCC_WARN_UNUSED_VARIABLE = YES;
				IPHONEOS_DEPLOYMENT_TARGET = 8.4;
				MTL_ENABLE_DEBUG_INFO = NO;
				SDKROOT = iphoneos;
				VALIDATE_PRODUCT = YES;
			};
			name = Release;
		};
		559746221B6C717500FCD986 /* Debug */ = {
			isa = XCBuildConfiguration;
			buildSettings = {
				ASSETCATALOG_COMPILER_APPICON_NAME = AppIcon;
				INFOPLIST_FILE = AutoCellHeightMixDemo/Info.plist;
				LD_RUNPATH_SEARCH_PATHS = "$(inherited) @executable_path/Frameworks";
				PRODUCT_NAME = "$(TARGET_NAME)";
			};
			name = Debug;
		};
		559746231B6C717500FCD986 /* Release */ = {
			isa = XCBuildConfiguration;
			buildSettings = {
				ASSETCATALOG_COMPILER_APPICON_NAME = AppIcon;
				INFOPLIST_FILE = AutoCellHeightMixDemo/Info.plist;
				LD_RUNPATH_SEARCH_PATHS = "$(inherited) @executable_path/Frameworks";
				PRODUCT_NAME = "$(TARGET_NAME)";
			};
			name = Release;
		};
		559746251B6C717500FCD986 /* Debug */ = {
			isa = XCBuildConfiguration;
			buildSettings = {
				BUNDLE_LOADER = "$(TEST_HOST)";
				FRAMEWORK_SEARCH_PATHS = (
					"$(SDKROOT)/Developer/Library/Frameworks",
					"$(inherited)",
				);
				GCC_PREPROCESSOR_DEFINITIONS = (
					"DEBUG=1",
					"$(inherited)",
				);
				INFOPLIST_FILE = AutoCellHeightMixDemoTests/Info.plist;
				LD_RUNPATH_SEARCH_PATHS = "$(inherited) @executable_path/Frameworks @loader_path/Frameworks";
				PRODUCT_NAME = "$(TARGET_NAME)";
				TEST_HOST = "$(BUILT_PRODUCTS_DIR)/AutoCellHeightMixDemo.app/AutoCellHeightMixDemo";
			};
			name = Debug;
		};
		559746261B6C717500FCD986 /* Release */ = {
			isa = XCBuildConfiguration;
			buildSettings = {
				BUNDLE_LOADER = "$(TEST_HOST)";
				FRAMEWORK_SEARCH_PATHS = (
					"$(SDKROOT)/Developer/Library/Frameworks",
					"$(inherited)",
				);
				INFOPLIST_FILE = AutoCellHeightMixDemoTests/Info.plist;
				LD_RUNPATH_SEARCH_PATHS = "$(inherited) @executable_path/Frameworks @loader_path/Frameworks";
				PRODUCT_NAME = "$(TARGET_NAME)";
				TEST_HOST = "$(BUILT_PRODUCTS_DIR)/AutoCellHeightMixDemo.app/AutoCellHeightMixDemo";
			};
			name = Release;
		};
/* End XCBuildConfiguration section */

/* Begin XCConfigurationList section */
		559745F91B6C717500FCD986 /* Build configuration list for PBXProject "AutoCellHeightMixDemo" */ = {
			isa = XCConfigurationList;
			buildConfigurations = (
				5597461F1B6C717500FCD986 /* Debug */,
				559746201B6C717500FCD986 /* Release */,
			);
			defaultConfigurationIsVisible = 0;
			defaultConfigurationName = Release;
		};
		559746211B6C717500FCD986 /* Build configuration list for PBXNativeTarget "AutoCellHeightMixDemo" */ = {
			isa = XCConfigurationList;
			buildConfigurations = (
				559746221B6C717500FCD986 /* Debug */,
				559746231B6C717500FCD986 /* Release */,
			);
			defaultConfigurationIsVisible = 0;
		};
		559746241B6C717500FCD986 /* Build configuration list for PBXNativeTarget "AutoCellHeightMixDemoTests" */ = {
			isa = XCConfigurationList;
			buildConfigurations = (
				559746251B6C717500FCD986 /* Debug */,
				559746261B6C717500FCD986 /* Release */,
			);
			defaultConfigurationIsVisible = 0;
		};
/* End XCConfigurationList section */
	};
	rootObject = 559745F61B6C717500FCD986 /* Project object */;
}
